// !$*UTF8*$!
{
	archiveVersion = 1;
	classes = {
	};
	objectVersion = 48;
	objects = {

/* Begin PBXBuildFile section */
		701262062031612E00F1FD05 /* AppDelegate.m in Sources */ = {isa = PBXBuildFile; fileRef = 701262052031612E00F1FD05 /* AppDelegate.m */; };
		701262092031612E00F1FD05 /* ViewController.m in Sources */ = {isa = PBXBuildFile; fileRef = 701262082031612E00F1FD05 /* ViewController.m */; };
		7012620C2031612E00F1FD05 /* Main.storyboard in Resources */ = {isa = PBXBuildFile; fileRef = 7012620A2031612E00F1FD05 /* Main.storyboard */; };
		7012620E2031612E00F1FD05 /* Assets.xcassets in Resources */ = {isa = PBXBuildFile; fileRef = 7012620D2031612E00F1FD05 /* Assets.xcassets */; };
		701262112031612E00F1FD05 /* LaunchScreen.storyboard in Resources */ = {isa = PBXBuildFile; fileRef = 7012620F2031612E00F1FD05 /* LaunchScreen.storyboard */; };
		701262142031612E00F1FD05 /* main.m in Sources */ = {isa = PBXBuildFile; fileRef = 701262132031612E00F1FD05 /* main.m */; };
		7012622A2031890D00F1FD05 /* YBNotification.m in Sources */ = {isa = PBXBuildFile; fileRef = 701262292031890D00F1FD05 /* YBNotification.m */; };
		703ABA6A2032870800D27172 /* TestVC.m in Sources */ = {isa = PBXBuildFile; fileRef = 703ABA682032870800D27172 /* TestVC.m */; };
		703ABA6B2032870800D27172 /* TestVC.xib in Resources */ = {isa = PBXBuildFile; fileRef = 703ABA692032870800D27172 /* TestVC.xib */; };
/* End PBXBuildFile section */

/* Begin PBXFileReference section */
		701262012031612E00F1FD05 /* YBNotificationDemo.app */ = {isa = PBXFileReference; explicitFileType = wrapper.application; includeInIndex = 0; path = YBNotificationDemo.app; sourceTree = BUILT_PRODUCTS_DIR; };
		701262042031612E00F1FD05 /* AppDelegate.h */ = {isa = PBXFileReference; lastKnownFileType = sourcecode.c.h; path = AppDelegate.h; sourceTree = "<group>"; };
		701262052031612E00F1FD05 /* AppDelegate.m */ = {isa = PBXFileReference; lastKnownFileType = sourcecode.c.objc; path = AppDelegate.m; sourceTree = "<group>"; };
		701262072031612E00F1FD05 /* ViewController.h */ = {isa = PBXFileReference; lastKnownFileType = sourcecode.c.h; path = ViewController.h; sourceTree = "<group>"; };
		701262082031612E00F1FD05 /* ViewController.m */ = {isa = PBXFileReference; lastKnownFileType = sourcecode.c.objc; path = ViewController.m; sourceTree = "<group>"; };
		7012620B2031612E00F1FD05 /* Base */ = {isa = PBXFileReference; lastKnownFileType = file.storyboard; name = Base; path = Base.lproj/Main.storyboard; sourceTree = "<group>"; };
		7012620D2031612E00F1FD05 /* Assets.xcassets */ = {isa = PBXFileReference; lastKnownFileType = folder.assetcatalog; path = Assets.xcassets; sourceTree = "<group>"; };
		701262102031612E00F1FD05 /* Base */ = {isa = PBXFileReference; lastKnownFileType = file.storyboard; name = Base; path = Base.lproj/LaunchScreen.storyboard; sourceTree = "<group>"; };
		701262122031612E00F1FD05 /* Info.plist */ = {isa = PBXFileReference; lastKnownFileType = text.plist.xml; path = Info.plist; sourceTree = "<group>"; };
		701262132031612E00F1FD05 /* main.m */ = {isa = PBXFileReference; lastKnownFileType = sourcecode.c.objc; path = main.m; sourceTree = "<group>"; };
		701262282031890D00F1FD05 /* YBNotification.h */ = {isa = PBXFileReference; fileEncoding = 4; lastKnownFileType = sourcecode.c.h; path = YBNotification.h; sourceTree = "<group>"; };
		701262292031890D00F1FD05 /* YBNotification.m */ = {isa = PBXFileReference; fileEncoding = 4; lastKnownFileType = sourcecode.c.objc; path = YBNotification.m; sourceTree = "<group>"; };
		7012622B20318B5E00F1FD05 /* PrefixHeader.pch */ = {isa = PBXFileReference; fileEncoding = 4; lastKnownFileType = sourcecode.c.h; path = PrefixHeader.pch; sourceTree = "<group>"; };
		703ABA672032870800D27172 /* TestVC.h */ = {isa = PBXFileReference; lastKnownFileType = sourcecode.c.h; path = TestVC.h; sourceTree = "<group>"; };
		703ABA682032870800D27172 /* TestVC.m */ = {isa = PBXFileReference; lastKnownFileType = sourcecode.c.objc; path = TestVC.m; sourceTree = "<group>"; };
		703ABA692032870800D27172 /* TestVC.xib */ = {isa = PBXFileReference; lastKnownFileType = file.xib; path = TestVC.xib; sourceTree = "<group>"; };
/* End PBXFileReference section */

/* Begin PBXFrameworksBuildPhase section */
		701261FE2031612E00F1FD05 /* Frameworks */ = {
			isa = PBXFrameworksBuildPhase;
			buildActionMask = 2147483647;
			files = (
			);
			runOnlyForDeploymentPostprocessing = 0;
		};
/* End PBXFrameworksBuildPhase section */

/* Begin PBXGroup section */
		701261F82031612E00F1FD05 = {
			isa = PBXGroup;
			children = (
				701262032031612E00F1FD05 /* YBNotificationDemo */,
				701262022031612E00F1FD05 /* Products */,
			);
			sourceTree = "<group>";
		};
		701262022031612E00F1FD05 /* Products */ = {
			isa = PBXGroup;
			children = (
				701262012031612E00F1FD05 /* YBNotificationDemo.app */,
			);
			name = Products;
			sourceTree = "<group>";
		};
		701262032031612E00F1FD05 /* YBNotificationDemo */ = {
			isa = PBXGroup;
			children = (
				703ABA5E2032869B00D27172 /* Test */,
				701262272031890D00F1FD05 /* YBNotification */,
				7012622B20318B5E00F1FD05 /* PrefixHeader.pch */,
				701262042031612E00F1FD05 /* AppDelegate.h */,
				701262052031612E00F1FD05 /* AppDelegate.m */,
				701262072031612E00F1FD05 /* ViewController.h */,
				701262082031612E00F1FD05 /* ViewController.m */,
				7012620A2031612E00F1FD05 /* Main.storyboard */,
				7012620D2031612E00F1FD05 /* Assets.xcassets */,
				7012620F2031612E00F1FD05 /* LaunchScreen.storyboard */,
				701262122031612E00F1FD05 /* Info.plist */,
				701262132031612E00F1FD05 /* main.m */,
			);
			path = YBNotificationDemo;
			sourceTree = "<group>";
		};
		701262272031890D00F1FD05 /* YBNotification */ = {
			isa = PBXGroup;
			children = (
				701262282031890D00F1FD05 /* YBNotification.h */,
				701262292031890D00F1FD05 /* YBNotification.m */,
			);
			path = YBNotification;
			sourceTree = SOURCE_ROOT;
		};
		703ABA5E2032869B00D27172 /* Test */ = {
			isa = PBXGroup;
			children = (
				703ABA672032870800D27172 /* TestVC.h */,
				703ABA682032870800D27172 /* TestVC.m */,
				703ABA692032870800D27172 /* TestVC.xib */,
			);
			path = Test;
			sourceTree = "<group>";
		};
/* End PBXGroup section */

/* Begin PBXNativeTarget section */
		701262002031612E00F1FD05 /* YBNotificationDemo */ = {
			isa = PBXNativeTarget;
			buildConfigurationList = 701262172031612E00F1FD05 /* Build configuration list for PBXNativeTarget "YBNotificationDemo" */;
			buildPhases = (
				701261FD2031612E00F1FD05 /* Sources */,
				701261FE2031612E00F1FD05 /* Frameworks */,
				701261FF2031612E00F1FD05 /* Resources */,
			);
			buildRules = (
			);
			dependencies = (
			);
			name = YBNotificationDemo;
			productName = YBNotificationDemo;
			productReference = 701262012031612E00F1FD05 /* YBNotificationDemo.app */;
			productType = "com.apple.product-type.application";
		};
/* End PBXNativeTarget section */

/* Begin PBXProject section */
		701261F92031612E00F1FD05 /* Project object */ = {
			isa = PBXProject;
			attributes = {
				LastUpgradeCheck = 0920;
				ORGANIZATIONNAME = "杨波";
				TargetAttributes = {
					701262002031612E00F1FD05 = {
						CreatedOnToolsVersion = 9.2;
						ProvisioningStyle = Automatic;
					};
				};
			};
			buildConfigurationList = 701261FC2031612E00F1FD05 /* Build configuration list for PBXProject "YBNotificationDemo" */;
			compatibilityVersion = "Xcode 8.0";
			developmentRegion = en;
			hasScannedForEncodings = 0;
			knownRegions = (
				en,
				Base,
			);
			mainGroup = 701261F82031612E00F1FD05;
			productRefGroup = 701262022031612E00F1FD05 /* Products */;
			projectDirPath = "";
			projectRoot = "";
			targets = (
				701262002031612E00F1FD05 /* YBNotificationDemo */,
			);
		};
/* End PBXProject section */

/* Begin PBXResourcesBuildPhase section */
		701261FF2031612E00F1FD05 /* Resources */ = {
			isa = PBXResourcesBuildPhase;
			buildActionMask = 2147483647;
			files = (
				703ABA6B2032870800D27172 /* TestVC.xib in Resources */,
				701262112031612E00F1FD05 /* LaunchScreen.storyboard in Resources */,
				7012620E2031612E00F1FD05 /* Assets.xcassets in Resources */,
				7012620C2031612E00F1FD05 /* Main.storyboard in Resources */,
			);
			runOnlyForDeploymentPostprocessing = 0;
		};
/* End PBXResourcesBuildPhase section */

/* Begin PBXSourcesBuildPhase section */
		701261FD2031612E00F1FD05 /* Sources */ = {
			isa = PBXSourcesBuildPhase;
			buildActionMask = 2147483647;
			files = (
				701262092031612E00F1FD05 /* ViewController.m in Sources */,
				7012622A2031890D00F1FD05 /* YBNotification.m in Sources */,
				701262142031612E00F1FD05 /* main.m in Sources */,
				703ABA6A2032870800D27172 /* TestVC.m in Sources */,
				701262062031612E00F1FD05 /* AppDelegate.m in Sources */,
			);
			runOnlyForDeploymentPostprocessing = 0;
		};
/* End PBXSourcesBuildPhase section */

/* Begin PBXVariantGroup section */
		7012620A2031612E00F1FD05 /* Main.storyboard */ = {
			isa = PBXVariantGroup;
			children = (
				7012620B2031612E00F1FD05 /* Base */,
			);
			name = Main.storyboard;
			sourceTree = "<group>";
		};
		7012620F2031612E00F1FD05 /* LaunchScreen.storyboard */ = {
			isa = PBXVariantGroup;
			children = (
				701262102031612E00F1FD05 /* Base */,
			);
			name = LaunchScreen.storyboard;
			sourceTree = "<group>";
		};
/* End PBXVariantGroup section */

/* Begin XCBuildConfiguration section */
		701262152031612E00F1FD05 /* Debug */ = {
			isa = XCBuildConfiguration;
			buildSettings = {
				ALWAYS_SEARCH_USER_PATHS = NO;
				CLANG_ANALYZER_NONNULL = YES;
				CLANG_ANALYZER_NUMBER_OBJECT_CONVERSION = YES_AGGRESSIVE;
				CLANG_CXX_LANGUAGE_STANDARD = "gnu++14";
				CLANG_CXX_LIBRARY = "libc++";
				CLANG_ENABLE_MODULES = YES;
				CLANG_ENABLE_OBJC_ARC = YES;
				CLANG_WARN_BLOCK_CAPTURE_AUTORELEASING = YES;
				CLANG_WARN_BOOL_CONVERSION = YES;
				CLANG_WARN_COMMA = YES;
				CLANG_WARN_CONSTANT_CONVERSION = YES;
				CLANG_WARN_DIRECT_OBJC_ISA_USAGE = YES_ERROR;
				CLANG_WARN_DOCUMENTATION_COMMENTS = YES;
				CLANG_WARN_EMPTY_BODY = YES;
				CLANG_WARN_ENUM_CONVERSION = YES;
				CLANG_WARN_INFINITE_RECURSION = YES;
				CLANG_WARN_INT_CONVERSION = YES;
				CLANG_WARN_NON_LITERAL_NULL_CONVERSION = YES;
				CLANG_WARN_OBJC_LITERAL_CONVERSION = YES;
				CLANG_WARN_OBJC_ROOT_CLASS = YES_ERROR;
				CLANG_WARN_RANGE_LOOP_ANALYSIS = YES;
				CLANG_WARN_STRICT_PROTOTYPES = YES;
				CLANG_WARN_SUSPICIOUS_MOVE = YES;
				CLANG_WARN_UNGUARDED_AVAILABILITY = YES_AGGRESSIVE;
				CLANG_WARN_UNREACHABLE_CODE = YES;
				CLANG_WARN__DUPLICATE_METHOD_MATCH = YES;
				CODE_SIGN_IDENTITY = "iPhone Developer";
				COPY_PHASE_STRIP = NO;
				DEBUG_INFORMATION_FORMAT = dwarf;
				ENABLE_STRICT_OBJC_MSGSEND = YES;
				ENABLE_TESTABILITY = YES;
				GCC_C_LANGUAGE_STANDARD = gnu11;
				GCC_DYNAMIC_NO_PIC = NO;
				GCC_NO_COMMON_BLOCKS = YES;
				GCC_OPTIMIZATION_LEVEL = 0;
				GCC_PREPROCESSOR_DEFINITIONS = (
					"DEBUG=1",
					"$(inherited)",
				);
				GCC_WARN_64_TO_32_BIT_CONVERSION = YES;
				GCC_WARN_ABOUT_RETURN_TYPE = YES_ERROR;
				GCC_WARN_UNDECLARED_SELECTOR = YES;
				GCC_WARN_UNINITIALIZED_AUTOS = YES_AGGRESSIVE;
				GCC_WARN_UNUSED_FUNCTION = YES;
				GCC_WARN_UNUSED_VARIABLE = YES;
				IPHONEOS_DEPLOYMENT_TARGET = 11.2;
				MTL_ENABLE_DEBUG_INFO = YES;
				ONLY_ACTIVE_ARCH = YES;
				SDKROOT = iphoneos;
			};
			name = Debug;
		};
		701262162031612E00F1FD05 /* Release */ = {
			isa = XCBuildConfiguration;
			buildSettings = {
				ALWAYS_SEARCH_USER_PATHS = NO;
				CLANG_ANALYZER_NONNULL = YES;
				CLANG_ANALYZER_NUMBER_OBJECT_CONVERSION = YES_AGGRESSIVE;
				CLANG_CXX_LANGUAGE_STANDARD = "gnu++14";
				CLANG_CXX_LIBRARY = "libc++";
				CLANG_ENABLE_MODULES = YES;
				CLANG_ENABLE_OBJC_ARC = YES;
				CLANG_WARN_BLOCK_CAPTURE_AUTORELEASING = YES;
				CLANG_WARN_BOOL_CONVERSION = YES;
				CLANG_WARN_COMMA = YES;
				CLANG_WARN_CONSTANT_CONVERSION = YES;
				CLANG_WARN_DIRECT_OBJC_ISA_USAGE = YES_ERROR;
				CLANG_WARN_DOCUMENTATION_COMMENTS = YES;
				CLANG_WARN_EMPTY_BODY = YES;
				CLANG_WARN_ENUM_CONVERSION = YES;
				CLANG_WARN_INFINITE_RECURSION = YES;
				CLANG_WARN_INT_CONVERSION = YES;
				CLANG_WARN_NON_LITERAL_NULL_CONVERSION = YES;
				CLANG_WARN_OBJC_LITERAL_CONVERSION = YES;
				CLANG_WARN_OBJC_ROOT_CLASS = YES_ERROR;
				CLANG_WARN_RANGE_LOOP_ANALYSIS = YES;
				CLANG_WARN_STRICT_PROTOTYPES = YES;
				CLANG_WARN_SUSPICIOUS_MOVE = YES;
				CLANG_WARN_UNGUARDED_AVAILABILITY = YES_AGGRESSIVE;
				CLANG_WARN_UNREACHABLE_CODE = YES;
				CLANG_WARN__DUPLICATE_METHOD_MATCH = YES;
				CODE_SIGN_IDENTITY = "iPhone Developer";
				COPY_PHASE_STRIP = NO;
				DEBUG_INFORMATION_FORMAT = "dwarf-with-dsym";
				ENABLE_NS_ASSERTIONS = NO;
				ENABLE_STRICT_OBJC_MSGSEND = YES;
				GCC_C_LANGUAGE_STANDARD = gnu11;
				GCC_NO_COMMON_BLOCKS = YES;
				GCC_WARN_64_TO_32_BIT_CONVERSION = YES;
				GCC_WARN_ABOUT_RETURN_TYPE = YES_ERROR;
				GCC_WARN_UNDECLARED_SELECTOR = YES;
				GCC_WARN_UNINITIALIZED_AUTOS = YES_AGGRESSIVE;
				GCC_WARN_UNUSED_FUNCTION = YES;
				GCC_WARN_UNUSED_VARIABLE = YES;
				IPHONEOS_DEPLOYMENT_TARGET = 11.2;
				MTL_ENABLE_DEBUG_INFO = NO;
				SDKROOT = iphoneos;
				VALIDATE_PRODUCT = YES;
			};
			name = Release;
		};
		701262182031612E00F1FD05 /* Debug */ = {
			isa = XCBuildConfiguration;
			buildSettings = {
				ASSETCATALOG_COMPILER_APPICON_NAME = AppIcon;
				CODE_SIGN_STYLE = Automatic;
				DEVELOPMENT_TEAM = UU8H9EQ986;
				GCC_PREFIX_HEADER = "$(SRCROOT)/YBNotificationDemo/PrefixHeader.pch";
				INFOPLIST_FILE = YBNotificationDemo/Info.plist;
				LD_RUNPATH_SEARCH_PATHS = "$(inherited) @executable_path/Frameworks";
				PRODUCT_BUNDLE_IDENTIFIER = com.yb.YBNotificationDemo;
				PRODUCT_NAME = "$(TARGET_NAME)";
				TARGETED_DEVICE_FAMILY = "1,2";
			};
			name = Debug;
		};
		701262192031612E00F1FD05 /* Release */ = {
			isa = XCBuildConfiguration;
			buildSettings = {
				ASSETCATALOG_COMPILER_APPICON_NAME = AppIcon;
				CODE_SIGN_STYLE = Automatic;
				DEVELOPMENT_TEAM = UU8H9EQ986;
				GCC_PREFIX_HEADER = "$(SRCROOT)/YBNotificationDemo/PrefixHeader.pch";
				INFOPLIST_FILE = YBNotificationDemo/Info.plist;
				LD_RUNPATH_SEARCH_PATHS = "$(inherited) @executable_path/Frameworks";
				PRODUCT_BUNDLE_IDENTIFIER = com.yb.YBNotificationDemo;
				PRODUCT_NAME = "$(TARGET_NAME)";
				TARGETED_DEVICE_FAMILY = "1,2";
			};
			name = Release;
		};
/* End XCBuildConfiguration section */

/* Begin XCConfigurationList section */
		701261FC2031612E00F1FD05 /* Build configuration list for PBXProject "YBNotificationDemo" */ = {
			isa = XCConfigurationList;
			buildConfigurations = (
				701262152031612E00F1FD05 /* Debug */,
				701262162031612E00F1FD05 /* Release */,
			);
			defaultConfigurationIsVisible = 0;
			defaultConfigurationName = Release;
		};
		701262172031612E00F1FD05 /* Build configuration list for PBXNativeTarget "YBNotificationDemo" */ = {
			isa = XCConfigurationList;
			buildConfigurations = (
				701262182031612E00F1FD05 /* Debug */,
				701262192031612E00F1FD05 /* Release */,
			);
			defaultConfigurationIsVisible = 0;
			defaultConfigurationName = Release;
		};
/* End XCConfigurationList section */
	};
	rootObject = 701261F92031612E00F1FD05 /* Project object */;
}
